
Microsoft Visual Studio Solution File, Format Version 12.00
# Visual Studio Version 17
VisualStudioVersion = 17.0.31903.59
MinimumVisualStudioVersion = 10.0.40219.1
Project("{FAE04EC0-301F-11D3-BF4B-00C04F79EFBC}") = "SqliteHost.Abstractions", "SqliteHost.Abstractions\SqliteHost.Abstractions.csproj", "{7C63A542-B2A7-4846-AC5D-61D1E979FB99}"
EndProject
Project("{FAE04EC0-301F-11D3-BF4B-00C04F79EFBC}") = "SqliteHost.Runtime", "SqliteHost.Runtime\SqliteHost.Runtime.csproj", "{29016380-F0A3-47D5-A283-F36A4B16674C}"
EndProject
Project("{FAE04EC0-301F-11D3-BF4B-00C04F79EFBC}") = "SqliteHost.Generated.Sample", "SqliteHost.Generated.Sample\SqliteHost.Generated.Sample.csproj", "{0B6C8FA2-69DA-40B3-805C-DFB7BB05430C}"
EndProject
Project("{FAE04EC0-301F-11D3-BF4B-00C04F79EFBC}") = "SqliteHost.Tests", "SqliteHost.Tests\SqliteHost.Tests.csproj", "{2DF86D1B-BE5D-42EE-8BA6-69C84C272740}"
EndProject
Global
	GlobalSection(SolutionConfigurationPlatforms) = preSolution
		Debug|Any CPU = Debug|Any CPU
		Release|Any CPU = Release|Any CPU
	EndGlobalSection
	GlobalSection(SolutionProperties) = preSolution
		HideSolutionNode = FALSE
	EndGlobalSection
	GlobalSection(ProjectConfigurationPlatforms) = postSolution
		{7C63A542-B2A7-4846-AC5D-61D1E979FB99}.Debug|Any CPU.ActiveCfg = Debug|Any CPU
		{7C63A542-B2A7-4846-AC5D-61D1E979FB99}.Debug|Any CPU.Build.0 = Debug|Any CPU
		{7C63A542-B2A7-4846-AC5D-61D1E979FB99}.Release|Any CPU.ActiveCfg = Release|Any CPU
		{7C63A542-B2A7-4846-AC5D-61D1E979FB99}.Release|Any CPU.Build.0 = Release|Any CPU
		{29016380-F0A3-47D5-A283-F36A4B16674C}.Debug|Any CPU.ActiveCfg = Debug|Any CPU
		{29016380-F0A3-47D5-A283-F36A4B16674C}.Debug|Any CPU.Build.0 = Debug|Any CPU
		{29016380-F0A3-47D5-A283-F36A4B16674C}.Release|Any CPU.ActiveCfg = Release|Any CPU
		{29016380-F0A3-47D5-A283-F36A4B16674C}.Release|Any CPU.Build.0 = Release|Any CPU
		{0B6C8FA2-69DA-40B3-805C-DFB7BB05430C}.Debug|Any CPU.ActiveCfg = Debug|Any CPU
		{0B6C8FA2-69DA-40B3-805C-DFB7BB05430C}.Debug|Any CPU.Build.0 = Debug|Any CPU
		{0B6C8FA2-69DA-40B3-805C-DFB7BB05430C}.Release|Any CPU.ActiveCfg = Release|Any CPU
		{0B6C8FA2-69DA-40B3-805C-DFB7BB05430C}.Release|Any CPU.Build.0 = Release|Any CPU
		{2DF86D1B-BE5D-42EE-8BA6-69C84C272740}.Debug|Any CPU.ActiveCfg = Debug|Any CPU
		{2DF86D1B-BE5D-42EE-8BA6-69C84C272740}.Debug|Any CPU.Build.0 = Debug|Any CPU
		{2DF86D1B-BE5D-42EE-8BA6-69C84C272740}.Release|Any CPU.ActiveCfg = Release|Any CPU
		{2DF86D1B-BE5D-42EE-8BA6-69C84C272740}.Release|Any CPU.Build.0 = Release|Any CPU
	EndGlobalSection
EndGlobal
